
Microsoft Visual Studio Solution File, Format Version 12.00
# Visual Studio Version 16
VisualStudioVersion = 16.0.29920.165
MinimumVisualStudioVersion = 10.0.40219.1
Project("{9A19103F-16F7-4668-BE54-9A1E7A4F7556}") = "TravelingScraper", "src\TravelingScraper\TravelingScraper.csproj", "{9CF8D813-3D25-4C1F-84D3-CA678ACA783D}"
EndProject
Project("{9A19103F-16F7-4668-BE54-9A1E7A4F7556}") = "PunktPobran", "src\PunktPobran\PunktPobran.csproj", "{0BECBFF2-EC2C-411C-907D-EC6AF9691D7B}"
EndProject
Project("{9A19103F-16F7-4668-BE54-9A1E7A4F7556}") = "CovidApp", "src\CovidApp\CovidApp.csproj", "{50D1058D-4000-49FA-A25F-AA39DF38688A}"
EndProject
Project("{9A19103F-16F7-4668-BE54-9A1E7A4F7556}") = "Szpitale", "Szpitale\Szpitale.csproj", "{F6F74D5D-DDDF-4132-BD7A-BDC30F206261}"
EndProject
Project("{9A19103F-16F7-4668-BE54-9A1E7A4F7556}") = "CovidStatsDownloader", "CovidStatsDownloader\CovidStatsDownloader.csproj", "{E1D377A7-DD32-48EC-842E-93140801CB75}"
EndProject
Project("{9A19103F-16F7-4668-BE54-9A1E7A4F7556}") = "TestsScraper", "src\TestsScraper\TestsScraper.csproj", "{B38AB233-26E9-4E72-AEA3-48D003C7B4DF}"
EndProject
Project("{9A19103F-16F7-4668-BE54-9A1E7A4F7556}") = "QandA", "QandA\QandA.csproj", "{EED1C13C-5D6C-455B-A0C7-7FFA67C8A481}"
EndProject
Project("{9A19103F-16F7-4668-BE54-9A1E7A4F7556}") = "TwitterApi", "TwitterApi\TwitterApi.csproj", "{AD56FF1F-9609-4586-B2B9-FF79CFD0810B}"
EndProject
Global
	GlobalSection(SolutionConfigurationPlatforms) = preSolution
		Debug|Any CPU = Debug|Any CPU
		Release|Any CPU = Release|Any CPU
	EndGlobalSection
	GlobalSection(ProjectConfigurationPlatforms) = postSolution
		{9CF8D813-3D25-4C1F-84D3-CA678ACA783D}.Debug|Any CPU.ActiveCfg = Debug|Any CPU
		{9CF8D813-3D25-4C1F-84D3-CA678ACA783D}.Release|Any CPU.ActiveCfg = Release|Any CPU
		{0BECBFF2-EC2C-411C-907D-EC6AF9691D7B}.Debug|Any CPU.ActiveCfg = Debug|Any CPU
		{0BECBFF2-EC2C-411C-907D-EC6AF9691D7B}.Debug|Any CPU.Build.0 = Debug|Any CPU
		{0BECBFF2-EC2C-411C-907D-EC6AF9691D7B}.Release|Any CPU.ActiveCfg = Release|Any CPU
		{0BECBFF2-EC2C-411C-907D-EC6AF9691D7B}.Release|Any CPU.Build.0 = Release|Any CPU
		{50D1058D-4000-49FA-A25F-AA39DF38688A}.Debug|Any CPU.ActiveCfg = Debug|Any CPU
		{50D1058D-4000-49FA-A25F-AA39DF38688A}.Debug|Any CPU.Build.0 = Debug|Any CPU
		{50D1058D-4000-49FA-A25F-AA39DF38688A}.Release|Any CPU.ActiveCfg = Release|Any CPU
		{50D1058D-4000-49FA-A25F-AA39DF38688A}.Release|Any CPU.Build.0 = Release|Any CPU
		{F6F74D5D-DDDF-4132-BD7A-BDC30F206261}.Debug|Any CPU.ActiveCfg = Debug|Any CPU
		{F6F74D5D-DDDF-4132-BD7A-BDC30F206261}.Debug|Any CPU.Build.0 = Debug|Any CPU
		{F6F74D5D-DDDF-4132-BD7A-BDC30F206261}.Release|Any CPU.ActiveCfg = Release|Any CPU
		{F6F74D5D-DDDF-4132-BD7A-BDC30F206261}.Release|Any CPU.Build.0 = Release|Any CPU
		{E1D377A7-DD32-48EC-842E-93140801CB75}.Debug|Any CPU.ActiveCfg = Debug|Any CPU
		{E1D377A7-DD32-48EC-842E-93140801CB75}.Debug|Any CPU.Build.0 = Debug|Any CPU
		{E1D377A7-DD32-48EC-842E-93140801CB75}.Release|Any CPU.ActiveCfg = Release|Any CPU
		{E1D377A7-DD32-48EC-842E-93140801CB75}.Release|Any CPU.Build.0 = Release|Any CPU
		{B38AB233-26E9-4E72-AEA3-48D003C7B4DF}.Debug|Any CPU.ActiveCfg = Debug|Any CPU
		{B38AB233-26E9-4E72-AEA3-48D003C7B4DF}.Debug|Any CPU.Build.0 = Debug|Any CPU
		{B38AB233-26E9-4E72-AEA3-48D003C7B4DF}.Release|Any CPU.ActiveCfg = Release|Any CPU
		{B38AB233-26E9-4E72-AEA3-48D003C7B4DF}.Release|Any CPU.Build.0 = Release|Any CPU
		{EED1C13C-5D6C-455B-A0C7-7FFA67C8A481}.Debug|Any CPU.ActiveCfg = Debug|Any CPU
		{EED1C13C-5D6C-455B-A0C7-7FFA67C8A481}.Debug|Any CPU.Build.0 = Debug|Any CPU
		{EED1C13C-5D6C-455B-A0C7-7FFA67C8A481}.Release|Any CPU.ActiveCfg = Release|Any CPU
		{EED1C13C-5D6C-455B-A0C7-7FFA67C8A481}.Release|Any CPU.Build.0 = Release|Any CPU
		{AD56FF1F-9609-4586-B2B9-FF79CFD0810B}.Debug|Any CPU.ActiveCfg = Debug|Any CPU
		{AD56FF1F-9609-4586-B2B9-FF79CFD0810B}.Debug|Any CPU.Build.0 = Debug|Any CPU
		{AD56FF1F-9609-4586-B2B9-FF79CFD0810B}.Release|Any CPU.ActiveCfg = Release|Any CPU
		{AD56FF1F-9609-4586-B2B9-FF79CFD0810B}.Release|Any CPU.Build.0 = Release|Any CPU
	EndGlobalSection
	GlobalSection(SolutionProperties) = preSolution
		HideSolutionNode = FALSE
	EndGlobalSection
	GlobalSection(ExtensibilityGlobals) = postSolution
		SolutionGuid = {E544196B-4485-420C-A6A6-8E253D7394F1}
	EndGlobalSection
EndGlobal
